
Microsoft Visual Studio Solution File, Format Version 12.00
# Visual Studio Version 17
VisualStudioVersion = 17.14.36616.10 d17.14
MinimumVisualStudioVersion = 10.0.40219.1
Project("{FAE04EC0-301F-11D3-BF4B-00C04F79EFBC}") = "WEBAPI_CommentManagementSystem", "WEBAPI_CommentManagementSystem\WEBAPI_CommentManagementSystem.csproj", "{F081E5BA-0626-4F82-BEB9-A1901CF2D06A}"
EndProject
Global
	GlobalSection(SolutionConfigurationPlatforms) = preSolution
		Debug|Any CPU = Debug|Any CPU
		Release|Any CPU = Release|Any CPU
	EndGlobalSection
	GlobalSection(ProjectConfigurationPlatforms) = postSolution
		{F081E5BA-0626-4F82-BEB9-A1901CF2D06A}.Debug|Any CPU.ActiveCfg = Debug|Any CPU
		{F081E5BA-0626-4F82-BEB9-A1901CF2D06A}.Debug|Any CPU.Build.0 = Debug|Any CPU
		{F081E5BA-0626-4F82-BEB9-A1901CF2D06A}.Release|Any CPU.ActiveCfg = Release|Any CPU
		{F081E5BA-0626-4F82-BEB9-A1901CF2D06A}.Release|Any CPU.Build.0 = Release|Any CPU
	EndGlobalSection
	GlobalSection(SolutionProperties) = preSolution
		HideSolutionNode = FALSE
	EndGlobalSection
	GlobalSection(ExtensibilityGlobals) = postSolution
		SolutionGuid = {C6FFD8C8-43D1-4BF9-A4AA-449442A52B34}
	EndGlobalSection
EndGlobal
